
Microsoft Visual Studio Solution File, Format Version 12.00
# Visual Studio Version 17
VisualStudioVersion = 17.4.33213.308
MinimumVisualStudioVersion = 10.0.40219.1
Project("{FAE04EC0-301F-11D3-BF4B-00C04F79EFBC}") = "AIProj", "AIProj\AIProj.csproj", "{818E0167-B158-4C33-81F0-28970A723CFB}"
EndProject
Global
	GlobalSection(SolutionConfigurationPlatforms) = preSolution
		Debug|Any CPU = Debug|Any CPU
		Release|Any CPU = Release|Any CPU
	EndGlobalSection
	GlobalSection(ProjectConfigurationPlatforms) = postSolution
		{818E0167-B158-4C33-81F0-28970A723CFB}.Debug|Any CPU.ActiveCfg = Debug|Any CPU
		{818E0167-B158-4C33-81F0-28970A723CFB}.Debug|Any CPU.Build.0 = Debug|Any CPU
		{818E0167-B158-4C33-81F0-28970A723CFB}.Release|Any CPU.ActiveCfg = Release|Any CPU
		{818E0167-B158-4C33-81F0-28970A723CFB}.Release|Any CPU.Build.0 = Release|Any CPU
	EndGlobalSection
	GlobalSection(SolutionProperties) = preSolution
		HideSolutionNode = FALSE
	EndGlobalSection
	GlobalSection(ExtensibilityGlobals) = postSolution
		SolutionGuid = {B2DED918-0704-46FE-92DE-98380C0E68B4}
	EndGlobalSection
EndGlobal
